{
  "name": "SYMFLUENCE",
  "lockfileVersion": 3,
  "requires": true,
  "packages": {
    "": {
      "dependencies": {
        "symfluence": "^0.8.1"
      }
    },
    "node_modules/symfluence": {
      "version": "0.9.2",
      "resolved": "https://registry.npmjs.org/symfluence/-/symfluence-0.8.1.tgz",
      "cpu": [
        "x64",
        "arm64"
      ],
      "hasInstallScript": true,
      "license": "GPL-3.0",
      "os": [
        "darwin",
        "linux"
      ],
      "bin": {
        "symfluence": "bin/symfluence"
      },
      "engines": {
        "node": ">=14"
      }
    }
  }
}
